
Microsoft Visual Studio Solution File, Format Version 12.00
# Visual Studio 15
Project("{FAE04EC0-301F-11D3-BF4B-00C04F79EFBC}") = "Assembly-CSharp-firstpass", "Assembly-CSharp-firstpass.csproj", "{BB7AE0C1-6311-8B81-E018-FE7BB22AEF2F}"
EndProject
Project("{FAE04EC0-301F-11D3-BF4B-00C04F79EFBC}") = "Assembly-CSharp", "Assembly-CSharp.csproj", "{9A750605-A68E-057C-4213-84B71661F8F7}"
EndProject
Global
	GlobalSection(SolutionConfigurationPlatforms) = preSolution
		Debug|Any CPU = Debug|Any CPU
		Release|Any CPU = Release|Any CPU
	EndGlobalSection
	GlobalSection(ProjectConfigurationPlatforms) = postSolution
		{BB7AE0C1-6311-8B81-E018-FE7BB22AEF2F}.Debug|Any CPU.ActiveCfg = Debug|Any CPU
		{BB7AE0C1-6311-8B81-E018-FE7BB22AEF2F}.Debug|Any CPU.Build.0 = Debug|Any CPU
		{BB7AE0C1-6311-8B81-E018-FE7BB22AEF2F}.Release|Any CPU.ActiveCfg = Release|Any CPU
		{BB7AE0C1-6311-8B81-E018-FE7BB22AEF2F}.Release|Any CPU.Build.0 = Release|Any CPU
		{9A750605-A68E-057C-4213-84B71661F8F7}.Debug|Any CPU.ActiveCfg = Debug|Any CPU
		{9A750605-A68E-057C-4213-84B71661F8F7}.Debug|Any CPU.Build.0 = Debug|Any CPU
		{9A750605-A68E-057C-4213-84B71661F8F7}.Release|Any CPU.ActiveCfg = Release|Any CPU
		{9A750605-A68E-057C-4213-84B71661F8F7}.Release|Any CPU.Build.0 = Release|Any CPU
	EndGlobalSection
	GlobalSection(SolutionProperties) = preSolution
		HideSolutionNode = FALSE
	EndGlobalSection
EndGlobal
